
Microsoft Visual Studio Solution File, Format Version 12.00
# Visual Studio Version 16
VisualStudioVersion = 16.0.31624.102
MinimumVisualStudioVersion = 10.0.40219.1
Project("{FAE04EC0-301F-11D3-BF4B-00C04F79EFBC}") = "TestFrameworkHomeTask", "Test\TestFrameworkHomeTask.csproj", "{ED527F8D-1BFA-46A8-8BAB-FD4C833447DA}"
EndProject
Global
	GlobalSection(SolutionConfigurationPlatforms) = preSolution
		Debug|Any CPU = Debug|Any CPU
		Release|Any CPU = Release|Any CPU
	EndGlobalSection
	GlobalSection(ProjectConfigurationPlatforms) = postSolution
		{ED527F8D-1BFA-46A8-8BAB-FD4C833447DA}.Debug|Any CPU.ActiveCfg = Debug|Any CPU
		{ED527F8D-1BFA-46A8-8BAB-FD4C833447DA}.Debug|Any CPU.Build.0 = Debug|Any CPU
		{ED527F8D-1BFA-46A8-8BAB-FD4C833447DA}.Release|Any CPU.ActiveCfg = Release|Any CPU
		{ED527F8D-1BFA-46A8-8BAB-FD4C833447DA}.Release|Any CPU.Build.0 = Release|Any CPU
	EndGlobalSection
	GlobalSection(SolutionProperties) = preSolution
		HideSolutionNode = FALSE
	EndGlobalSection
	GlobalSection(ExtensibilityGlobals) = postSolution
		SolutionGuid = {BBAA4D90-A334-46E4-8369-0CD47E6761B2}
	EndGlobalSection
EndGlobal
